
Microsoft Visual Studio Solution File, Format Version 12.00
# Visual Studio 15
VisualStudioVersion = 15.0.28307.1062
MinimumVisualStudioVersion = 10.0.40219.1
Project("{8BC9CEB8-8B4A-11D0-8D11-00A0C91BC942}") = "EnglishDictionary_20200407", "EnglishDictionary_20200407\EnglishDictionary_20200407.vcxproj", "{BE0436B9-BA66-4508-AD23-19ABD36DD43E}"
EndProject
Global
	GlobalSection(SolutionConfigurationPlatforms) = preSolution
		Debug|x64 = Debug|x64
		Debug|x86 = Debug|x86
		Release|x64 = Release|x64
		Release|x86 = Release|x86
	EndGlobalSection
	GlobalSection(ProjectConfigurationPlatforms) = postSolution
		{BE0436B9-BA66-4508-AD23-19ABD36DD43E}.Debug|x64.ActiveCfg = Debug|x64
		{BE0436B9-BA66-4508-AD23-19ABD36DD43E}.Debug|x64.Build.0 = Debug|x64
		{BE0436B9-BA66-4508-AD23-19ABD36DD43E}.Debug|x86.ActiveCfg = Debug|Win32
		{BE0436B9-BA66-4508-AD23-19ABD36DD43E}.Debug|x86.Build.0 = Debug|Win32
		{BE0436B9-BA66-4508-AD23-19ABD36DD43E}.Release|x64.ActiveCfg = Release|x64
		{BE0436B9-BA66-4508-AD23-19ABD36DD43E}.Release|x64.Build.0 = Release|x64
		{BE0436B9-BA66-4508-AD23-19ABD36DD43E}.Release|x86.ActiveCfg = Release|Win32
		{BE0436B9-BA66-4508-AD23-19ABD36DD43E}.Release|x86.Build.0 = Release|Win32
	EndGlobalSection
	GlobalSection(SolutionProperties) = preSolution
		HideSolutionNode = FALSE
	EndGlobalSection
	GlobalSection(ExtensibilityGlobals) = postSolution
		SolutionGuid = {559BFDF6-7F76-47EC-A238-027837B649D9}
	EndGlobalSection
EndGlobal
